{
  "nodes": {
    "nixpkgs": {
      "locked": {
        "lastModified": 1755027561,
        "narHash": "sha256-IVft239Bc8p8Dtvf7UAACMG5P3ZV+3/aO28gXpGtMXI=",
        "owner": "nixos",
        "repo": "nixpkgs",
        "rev": "005433b926e16227259a1843015b5b2b7f7d1fc3",
        "type": "github"
      },
      "original": {
        "owner": "nixos",
        "ref": "nixos-unstable",
        "repo": "nixpkgs",
        "type": "github"
      }
    },
    "nixpkgs_2": {
      "locked": {
        "lastModified": 1755027561,
        "narHash": "sha256-IVft239Bc8p8Dtvf7UAACMG5P3ZV+3/aO28gXpGtMXI=",
        "owner": "nixos",
        "repo": "nixpkgs",
        "rev": "005433b926e16227259a1843015b5b2b7f7d1fc3",
        "type": "github"
      },
      "original": {
        "owner": "nixos",
        "ref": "nixos-unstable",
        "repo": "nixpkgs",
        "type": "github"
      }
    },
    "root": {
      "inputs": {
        "nixpkgs": "nixpkgs",
        "trivnixConfigs": "trivnixConfigs"
      }
    },
    "trivnix-lib": {
      "inputs": {
        "nixpkgs": [
          "trivnixConfigs",
          "nixpkgs"
        ]
      },
      "locked": {
        "lastModified": 1755478139,
        "narHash": "sha256-GrYvt1/NnTO2k8yeLu6W+17e1UQY3axIDYUQwhbTx3o=",
        "owner": "trivaris",
        "repo": "trivnix-lib",
        "rev": "a0ac95f1d3f030da300c09101cbe33daaad0346b",
        "type": "github"
      },
      "original": {
        "owner": "trivaris",
        "repo": "trivnix-lib",
        "type": "github"
      }
    },
    "trivnixConfigs": {
      "inputs": {
        "nixpkgs": "nixpkgs_2",
        "trivnix-lib": "trivnix-lib"
      },
      "locked": {
        "lastModified": 1757091332,
        "narHash": "sha256-aP7RFXI8Irg23ReX+aUVIuQj2s6IJ5qhb7CqIS158eI=",
        "owner": "trivaris",
        "repo": "trivnix-configs",
        "rev": "a33536fb37c8f0d893497c26385c1d12738af5cb",
        "type": "github"
      },
      "original": {
        "owner": "trivaris",
        "repo": "trivnix-configs",
        "type": "github"
      }
    }
  },
  "root": "root",
  "version": 7
}
